// !$*UTF8*$!
{
	archiveVersion = 1;
	classes = {
	};
	objectVersion = 56;
	objects = {

/* Begin PBXBuildFile section */
		00D31B7D2485F4613B82A04E /* Pods_SavoryTests.framework in Frameworks */ = {isa = PBXBuildFile; fileRef = 93198146F329D8E0DAF9F90B /* Pods_SavoryTests.framework */; };
		6EB9DC3D19FCDAA355A851C6 /* Pods_Savory_SavoryUITests.framework in Frameworks */ = {isa = PBXBuildFile; fileRef = 760B11CC35661BE2F10882A2 /* Pods_Savory_SavoryUITests.framework */; };
		944CB9E366707F1A9263610B /* Pods_Savory.framework in Frameworks */ = {isa = PBXBuildFile; fileRef = C506A0F35B97A16D0BFDC08F /* Pods_Savory.framework */; };
		BD3E5A902C454D8B00717A7B /* SavoryApp.swift in Sources */ = {isa = PBXBuildFile; fileRef = BD3E5A8F2C454D8B00717A7B /* SavoryApp.swift */; };
		BD3E5A962C454D8B00717A7B /* Assets.xcassets in Resources */ = {isa = PBXBuildFile; fileRef = BD3E5A952C454D8B00717A7B /* Assets.xcassets */; };
		BD3E5A992C454D8B00717A7B /* Preview Assets.xcassets in Resources */ = {isa = PBXBuildFile; fileRef = BD3E5A982C454D8B00717A7B /* Preview Assets.xcassets */; };
		BD3E5AA32C454D8C00717A7B /* SavoryTests.swift in Sources */ = {isa = PBXBuildFile; fileRef = BD3E5AA22C454D8C00717A7B /* SavoryTests.swift */; };
		BD3E5AAD2C454D8C00717A7B /* SavoryUITests.swift in Sources */ = {isa = PBXBuildFile; fileRef = BD3E5AAC2C454D8C00717A7B /* SavoryUITests.swift */; };
		BD3E5AAF2C454D8C00717A7B /* SavoryUITestsLaunchTests.swift in Sources */ = {isa = PBXBuildFile; fileRef = BD3E5AAE2C454D8C00717A7B /* SavoryUITestsLaunchTests.swift */; };
		BD3E5ABF2C454EE400717A7B /* MainView.swift in Sources */ = {isa = PBXBuildFile; fileRef = BD3E5ABE2C454EE400717A7B /* MainView.swift */; };
		BD3E5AC42C45570700717A7B /* GreatVibes-Regular.ttf in Resources */ = {isa = PBXBuildFile; fileRef = BD3E5AC32C45570700717A7B /* GreatVibes-Regular.ttf */; };
		BD3E5AD32C45572300717A7B /* IBMPlexSans-Bold.ttf in Resources */ = {isa = PBXBuildFile; fileRef = BD3E5AC52C45572200717A7B /* IBMPlexSans-Bold.ttf */; };
		BD3E5AD42C45572300717A7B /* IBMPlexSans-LightItalic.ttf in Resources */ = {isa = PBXBuildFile; fileRef = BD3E5AC62C45572200717A7B /* IBMPlexSans-LightItalic.ttf */; };
		BD3E5AD52C45572300717A7B /* IBMPlexSans-SemiBold.ttf in Resources */ = {isa = PBXBuildFile; fileRef = BD3E5AC72C45572200717A7B /* IBMPlexSans-SemiBold.ttf */; };
		BD3E5AD62C45572300717A7B /* IBMPlexSans-Thin.ttf in Resources */ = {isa = PBXBuildFile; fileRef = BD3E5AC82C45572200717A7B /* IBMPlexSans-Thin.ttf */; };
		BD3E5AD72C45572300717A7B /* IBMPlexSans-Medium.ttf in Resources */ = {isa = PBXBuildFile; fileRef = BD3E5AC92C45572300717A7B /* IBMPlexSans-Medium.ttf */; };
		BD3E5AD82C45572300717A7B /* IBMPlexSans-Regular.ttf in Resources */ = {isa = PBXBuildFile; fileRef = BD3E5ACA2C45572300717A7B /* IBMPlexSans-Regular.ttf */; };
		BD3E5AD92C45572300717A7B /* IBMPlexSans-MediumItalic.ttf in Resources */ = {isa = PBXBuildFile; fileRef = BD3E5ACB2C45572300717A7B /* IBMPlexSans-MediumItalic.ttf */; };
		BD3E5ADA2C45572300717A7B /* IBMPlexSans-Italic.ttf in Resources */ = {isa = PBXBuildFile; fileRef = BD3E5ACC2C45572300717A7B /* IBMPlexSans-Italic.ttf */; };
		BD3E5ADB2C45572300717A7B /* IBMPlexSans-ThinItalic.ttf in Resources */ = {isa = PBXBuildFile; fileRef = BD3E5ACD2C45572300717A7B /* IBMPlexSans-ThinItalic.ttf */; };
		BD3E5ADC2C45572300717A7B /* IBMPlexSans-SemiBoldItalic.ttf in Resources */ = {isa = PBXBuildFile; fileRef = BD3E5ACE2C45572300717A7B /* IBMPlexSans-SemiBoldItalic.ttf */; };
		BD3E5ADD2C45572300717A7B /* IBMPlexSans-ExtraLightItalic.ttf in Resources */ = {isa = PBXBuildFile; fileRef = BD3E5ACF2C45572300717A7B /* IBMPlexSans-ExtraLightItalic.ttf */; };
		BD3E5ADE2C45572300717A7B /* IBMPlexSans-ExtraLight.ttf in Resources */ = {isa = PBXBuildFile; fileRef = BD3E5AD02C45572300717A7B /* IBMPlexSans-ExtraLight.ttf */; };
		BD3E5ADF2C45572300717A7B /* IBMPlexSans-Light.ttf in Resources */ = {isa = PBXBuildFile; fileRef = BD3E5AD12C45572300717A7B /* IBMPlexSans-Light.ttf */; };
		BD3E5AE02C45572300717A7B /* IBMPlexSans-BoldItalic.ttf in Resources */ = {isa = PBXBuildFile; fileRef = BD3E5AD22C45572300717A7B /* IBMPlexSans-BoldItalic.ttf */; };
		BD3E5AE32C45584100717A7B /* Font+Extensions.swift in Sources */ = {isa = PBXBuildFile; fileRef = BD3E5AE22C45584100717A7B /* Font+Extensions.swift */; };
		BD3E5AE52C455AB200717A7B /* Color+Extensions.swift in Sources */ = {isa = PBXBuildFile; fileRef = BD3E5AE42C455AB200717A7B /* Color+Extensions.swift */; };
		BD3E5AE72C455BFC00717A7B /* AppColors.swift in Sources */ = {isa = PBXBuildFile; fileRef = BD3E5AE62C455BFC00717A7B /* AppColors.swift */; };
		BDADA29B2C4589F10006121C /* TabsUI.swift in Sources */ = {isa = PBXBuildFile; fileRef = BDADA29A2C4589F10006121C /* TabsUI.swift */; };
		BDADA29D2C458A2F0006121C /* CustomTabBar.swift in Sources */ = {isa = PBXBuildFile; fileRef = BDADA29C2C458A2F0006121C /* CustomTabBar.swift */; };
		BDEB97EC2C482232009ACD88 /* BrowseMainView.swift in Sources */ = {isa = PBXBuildFile; fileRef = BDEB97EB2C482232009ACD88 /* BrowseMainView.swift */; };
		BDEB97EE2C482253009ACD88 /* CartMainView.swift in Sources */ = {isa = PBXBuildFile; fileRef = BDEB97ED2C482253009ACD88 /* CartMainView.swift */; };
		BDEB97F02C482260009ACD88 /* SettingsMainView.swift in Sources */ = {isa = PBXBuildFile; fileRef = BDEB97EF2C482260009ACD88 /* SettingsMainView.swift */; };
		BDEB97F22C48226A009ACD88 /* ProfileMainView.swift in Sources */ = {isa = PBXBuildFile; fileRef = BDEB97F12C48226A009ACD88 /* ProfileMainView.swift */; };
		BDEB97F42C482762009ACD88 /* InitialLoadingScreen.swift in Sources */ = {isa = PBXBuildFile; fileRef = BDEB97F32C482762009ACD88 /* InitialLoadingScreen.swift */; };
/* End PBXBuildFile section */

/* Begin PBXContainerItemProxy section */
		BD3E5A9F2C454D8C00717A7B /* PBXContainerItemProxy */ = {
			isa = PBXContainerItemProxy;
			containerPortal = BD3E5A842C454D8B00717A7B /* Project object */;
			proxyType = 1;
			remoteGlobalIDString = BD3E5A8B2C454D8B00717A7B;
			remoteInfo = Savory;
		};
		BD3E5AA92C454D8C00717A7B /* PBXContainerItemProxy */ = {
			isa = PBXContainerItemProxy;
			containerPortal = BD3E5A842C454D8B00717A7B /* Project object */;
			proxyType = 1;
			remoteGlobalIDString = BD3E5A8B2C454D8B00717A7B;
			remoteInfo = Savory;
		};
/* End PBXContainerItemProxy section */

/* Begin PBXFileReference section */
		1F848E5141A2A6857F9EF771 /* Pods-Savory.debug.xcconfig */ = {isa = PBXFileReference; includeInIndex = 1; lastKnownFileType = text.xcconfig; name = "Pods-Savory.debug.xcconfig"; path = "Target Support Files/Pods-Savory/Pods-Savory.debug.xcconfig"; sourceTree = "<group>"; };
		2D729B2E6DA33F9A39B4B5F4 /* Pods-Savory-SavoryUITests.debug.xcconfig */ = {isa = PBXFileReference; includeInIndex = 1; lastKnownFileType = text.xcconfig; name = "Pods-Savory-SavoryUITests.debug.xcconfig"; path = "Target Support Files/Pods-Savory-SavoryUITests/Pods-Savory-SavoryUITests.debug.xcconfig"; sourceTree = "<group>"; };
		760B11CC35661BE2F10882A2 /* Pods_Savory_SavoryUITests.framework */ = {isa = PBXFileReference; explicitFileType = wrapper.framework; includeInIndex = 0; path = Pods_Savory_SavoryUITests.framework; sourceTree = BUILT_PRODUCTS_DIR; };
		77ED2E544F135937F0A64EAA /* Pods-Savory-SavoryUITests.release.xcconfig */ = {isa = PBXFileReference; includeInIndex = 1; lastKnownFileType = text.xcconfig; name = "Pods-Savory-SavoryUITests.release.xcconfig"; path = "Target Support Files/Pods-Savory-SavoryUITests/Pods-Savory-SavoryUITests.release.xcconfig"; sourceTree = "<group>"; };
		93198146F329D8E0DAF9F90B /* Pods_SavoryTests.framework */ = {isa = PBXFileReference; explicitFileType = wrapper.framework; includeInIndex = 0; path = Pods_SavoryTests.framework; sourceTree = BUILT_PRODUCTS_DIR; };
		AE03F282255B5E614282B6E1 /* Pods-Savory.release.xcconfig */ = {isa = PBXFileReference; includeInIndex = 1; lastKnownFileType = text.xcconfig; name = "Pods-Savory.release.xcconfig"; path = "Target Support Files/Pods-Savory/Pods-Savory.release.xcconfig"; sourceTree = "<group>"; };
		BD3E5A8C2C454D8B00717A7B /* Savory.app */ = {isa = PBXFileReference; explicitFileType = wrapper.application; includeInIndex = 0; path = Savory.app; sourceTree = BUILT_PRODUCTS_DIR; };
		BD3E5A8F2C454D8B00717A7B /* SavoryApp.swift */ = {isa = PBXFileReference; lastKnownFileType = sourcecode.swift; path = SavoryApp.swift; sourceTree = "<group>"; };
		BD3E5A952C454D8B00717A7B /* Assets.xcassets */ = {isa = PBXFileReference; lastKnownFileType = folder.assetcatalog; path = Assets.xcassets; sourceTree = "<group>"; };
		BD3E5A982C454D8B00717A7B /* Preview Assets.xcassets */ = {isa = PBXFileReference; lastKnownFileType = folder.assetcatalog; path = "Preview Assets.xcassets"; sourceTree = "<group>"; };
		BD3E5A9E2C454D8C00717A7B /* SavoryTests.xctest */ = {isa = PBXFileReference; explicitFileType = wrapper.cfbundle; includeInIndex = 0; path = SavoryTests.xctest; sourceTree = BUILT_PRODUCTS_DIR; };
		BD3E5AA22C454D8C00717A7B /* SavoryTests.swift */ = {isa = PBXFileReference; lastKnownFileType = sourcecode.swift; path = SavoryTests.swift; sourceTree = "<group>"; };
		BD3E5AA82C454D8C00717A7B /* SavoryUITests.xctest */ = {isa = PBXFileReference; explicitFileType = wrapper.cfbundle; includeInIndex = 0; path = SavoryUITests.xctest; sourceTree = BUILT_PRODUCTS_DIR; };
		BD3E5AAC2C454D8C00717A7B /* SavoryUITests.swift */ = {isa = PBXFileReference; lastKnownFileType = sourcecode.swift; path = SavoryUITests.swift; sourceTree = "<group>"; };
		BD3E5AAE2C454D8C00717A7B /* SavoryUITestsLaunchTests.swift */ = {isa = PBXFileReference; lastKnownFileType = sourcecode.swift; path = SavoryUITestsLaunchTests.swift; sourceTree = "<group>"; };
		BD3E5ABE2C454EE400717A7B /* MainView.swift */ = {isa = PBXFileReference; lastKnownFileType = sourcecode.swift; path = MainView.swift; sourceTree = "<group>"; };
		BD3E5AC02C45553900717A7B /* Info.plist */ = {isa = PBXFileReference; lastKnownFileType = text.plist; path = Info.plist; sourceTree = "<group>"; };
		BD3E5AC32C45570700717A7B /* GreatVibes-Regular.ttf */ = {isa = PBXFileReference; lastKnownFileType = file; path = "GreatVibes-Regular.ttf"; sourceTree = "<group>"; };
		BD3E5AC52C45572200717A7B /* IBMPlexSans-Bold.ttf */ = {isa = PBXFileReference; lastKnownFileType = file; path = "IBMPlexSans-Bold.ttf"; sourceTree = "<group>"; };
		BD3E5AC62C45572200717A7B /* IBMPlexSans-LightItalic.ttf */ = {isa = PBXFileReference; lastKnownFileType = file; path = "IBMPlexSans-LightItalic.ttf"; sourceTree = "<group>"; };
		BD3E5AC72C45572200717A7B /* IBMPlexSans-SemiBold.ttf */ = {isa = PBXFileReference; lastKnownFileType = file; path = "IBMPlexSans-SemiBold.ttf"; sourceTree = "<group>"; };
		BD3E5AC82C45572200717A7B /* IBMPlexSans-Thin.ttf */ = {isa = PBXFileReference; lastKnownFileType = file; path = "IBMPlexSans-Thin.ttf"; sourceTree = "<group>"; };
		BD3E5AC92C45572300717A7B /* IBMPlexSans-Medium.ttf */ = {isa = PBXFileReference; lastKnownFileType = file; path = "IBMPlexSans-Medium.ttf"; sourceTree = "<group>"; };
		BD3E5ACA2C45572300717A7B /* IBMPlexSans-Regular.ttf */ = {isa = PBXFileReference; lastKnownFileType = file; path = "IBMPlexSans-Regular.ttf"; sourceTree = "<group>"; };
		BD3E5ACB2C45572300717A7B /* IBMPlexSans-MediumItalic.ttf */ = {isa = PBXFileReference; lastKnownFileType = file; path = "IBMPlexSans-MediumItalic.ttf"; sourceTree = "<group>"; };
		BD3E5ACC2C45572300717A7B /* IBMPlexSans-Italic.ttf */ = {isa = PBXFileReference; lastKnownFileType = file; path = "IBMPlexSans-Italic.ttf"; sourceTree = "<group>"; };
		BD3E5ACD2C45572300717A7B /* IBMPlexSans-ThinItalic.ttf */ = {isa = PBXFileReference; lastKnownFileType = file; path = "IBMPlexSans-ThinItalic.ttf"; sourceTree = "<group>"; };
		BD3E5ACE2C45572300717A7B /* IBMPlexSans-SemiBoldItalic.ttf */ = {isa = PBXFileReference; lastKnownFileType = file; path = "IBMPlexSans-SemiBoldItalic.ttf"; sourceTree = "<group>"; };
		BD3E5ACF2C45572300717A7B /* IBMPlexSans-ExtraLightItalic.ttf */ = {isa = PBXFileReference; lastKnownFileType = file; path = "IBMPlexSans-ExtraLightItalic.ttf"; sourceTree = "<group>"; };
		BD3E5AD02C45572300717A7B /* IBMPlexSans-ExtraLight.ttf */ = {isa = PBXFileReference; lastKnownFileType = file; path = "IBMPlexSans-ExtraLight.ttf"; sourceTree = "<group>"; };
		BD3E5AD12C45572300717A7B /* IBMPlexSans-Light.ttf */ = {isa = PBXFileReference; lastKnownFileType = file; path = "IBMPlexSans-Light.ttf"; sourceTree = "<group>"; };
		BD3E5AD22C45572300717A7B /* IBMPlexSans-BoldItalic.ttf */ = {isa = PBXFileReference; lastKnownFileType = file; path = "IBMPlexSans-BoldItalic.ttf"; sourceTree = "<group>"; };
		BD3E5AE22C45584100717A7B /* Font+Extensions.swift */ = {isa = PBXFileReference; lastKnownFileType = sourcecode.swift; path = "Font+Extensions.swift"; sourceTree = "<group>"; };
		BD3E5AE42C455AB200717A7B /* Color+Extensions.swift */ = {isa = PBXFileReference; lastKnownFileType = sourcecode.swift; path = "Color+Extensions.swift"; sourceTree = "<group>"; };
		BD3E5AE62C455BFC00717A7B /* AppColors.swift */ = {isa = PBXFileReference; lastKnownFileType = sourcecode.swift; path = AppColors.swift; sourceTree = "<group>"; };
		BDADA29A2C4589F10006121C /* TabsUI.swift */ = {isa = PBXFileReference; lastKnownFileType = sourcecode.swift; path = TabsUI.swift; sourceTree = "<group>"; };
		BDADA29C2C458A2F0006121C /* CustomTabBar.swift */ = {isa = PBXFileReference; lastKnownFileType = sourcecode.swift; path = CustomTabBar.swift; sourceTree = "<group>"; };
		BDEB97EB2C482232009ACD88 /* BrowseMainView.swift */ = {isa = PBXFileReference; lastKnownFileType = sourcecode.swift; path = BrowseMainView.swift; sourceTree = "<group>"; };
		BDEB97ED2C482253009ACD88 /* CartMainView.swift */ = {isa = PBXFileReference; lastKnownFileType = sourcecode.swift; path = CartMainView.swift; sourceTree = "<group>"; };
		BDEB97EF2C482260009ACD88 /* SettingsMainView.swift */ = {isa = PBXFileReference; lastKnownFileType = sourcecode.swift; path = SettingsMainView.swift; sourceTree = "<group>"; };
		BDEB97F12C48226A009ACD88 /* ProfileMainView.swift */ = {isa = PBXFileReference; lastKnownFileType = sourcecode.swift; path = ProfileMainView.swift; sourceTree = "<group>"; };
		BDEB97F32C482762009ACD88 /* InitialLoadingScreen.swift */ = {isa = PBXFileReference; lastKnownFileType = sourcecode.swift; path = InitialLoadingScreen.swift; sourceTree = "<group>"; };
		C506A0F35B97A16D0BFDC08F /* Pods_Savory.framework */ = {isa = PBXFileReference; explicitFileType = wrapper.framework; includeInIndex = 0; path = Pods_Savory.framework; sourceTree = BUILT_PRODUCTS_DIR; };
		D9A05A5BB3F04EAD49C5E22C /* Pods-SavoryTests.release.xcconfig */ = {isa = PBXFileReference; includeInIndex = 1; lastKnownFileType = text.xcconfig; name = "Pods-SavoryTests.release.xcconfig"; path = "Target Support Files/Pods-SavoryTests/Pods-SavoryTests.release.xcconfig"; sourceTree = "<group>"; };
		F0FA1FF3227937A2EC06CCE0 /* Pods-SavoryTests.debug.xcconfig */ = {isa = PBXFileReference; includeInIndex = 1; lastKnownFileType = text.xcconfig; name = "Pods-SavoryTests.debug.xcconfig"; path = "Target Support Files/Pods-SavoryTests/Pods-SavoryTests.debug.xcconfig"; sourceTree = "<group>"; };
/* End PBXFileReference section */

/* Begin PBXFrameworksBuildPhase section */
		BD3E5A892C454D8B00717A7B /* Frameworks */ = {
			isa = PBXFrameworksBuildPhase;
			buildActionMask = 2147483647;
			files = (
				944CB9E366707F1A9263610B /* Pods_Savory.framework in Frameworks */,
			);
			runOnlyForDeploymentPostprocessing = 0;
		};
		BD3E5A9B2C454D8C00717A7B /* Frameworks */ = {
			isa = PBXFrameworksBuildPhase;
			buildActionMask = 2147483647;
			files = (
				00D31B7D2485F4613B82A04E /* Pods_SavoryTests.framework in Frameworks */,
			);
			runOnlyForDeploymentPostprocessing = 0;
		};
		BD3E5AA52C454D8C00717A7B /* Frameworks */ = {
			isa = PBXFrameworksBuildPhase;
			buildActionMask = 2147483647;
			files = (
				6EB9DC3D19FCDAA355A851C6 /* Pods_Savory_SavoryUITests.framework in Frameworks */,
			);
			runOnlyForDeploymentPostprocessing = 0;
		};
/* End PBXFrameworksBuildPhase section */

/* Begin PBXGroup section */
		2F2AE88F22DD4F9FC17112D8 /* Frameworks */ = {
			isa = PBXGroup;
			children = (
				C506A0F35B97A16D0BFDC08F /* Pods_Savory.framework */,
				760B11CC35661BE2F10882A2 /* Pods_Savory_SavoryUITests.framework */,
				93198146F329D8E0DAF9F90B /* Pods_SavoryTests.framework */,
			);
			name = Frameworks;
			sourceTree = "<group>";
		};
		8110D782978DE7CF2B4B8771 /* Pods */ = {
			isa = PBXGroup;
			children = (
				1F848E5141A2A6857F9EF771 /* Pods-Savory.debug.xcconfig */,
				AE03F282255B5E614282B6E1 /* Pods-Savory.release.xcconfig */,
				2D729B2E6DA33F9A39B4B5F4 /* Pods-Savory-SavoryUITests.debug.xcconfig */,
				77ED2E544F135937F0A64EAA /* Pods-Savory-SavoryUITests.release.xcconfig */,
				F0FA1FF3227937A2EC06CCE0 /* Pods-SavoryTests.debug.xcconfig */,
				D9A05A5BB3F04EAD49C5E22C /* Pods-SavoryTests.release.xcconfig */,
			);
			path = Pods;
			sourceTree = "<group>";
		};
		BD3E5A832C454D8B00717A7B = {
			isa = PBXGroup;
			children = (
				BD3E5A8E2C454D8B00717A7B /* Savory */,
				BD3E5AA12C454D8C00717A7B /* SavoryTests */,
				BD3E5AAB2C454D8C00717A7B /* SavoryUITests */,
				BD3E5A8D2C454D8B00717A7B /* Products */,
				8110D782978DE7CF2B4B8771 /* Pods */,
				2F2AE88F22DD4F9FC17112D8 /* Frameworks */,
			);
			sourceTree = "<group>";
		};
		BD3E5A8D2C454D8B00717A7B /* Products */ = {
			isa = PBXGroup;
			children = (
				BD3E5A8C2C454D8B00717A7B /* Savory.app */,
				BD3E5A9E2C454D8C00717A7B /* SavoryTests.xctest */,
				BD3E5AA82C454D8C00717A7B /* SavoryUITests.xctest */,
			);
			name = Products;
			sourceTree = "<group>";
		};
		BD3E5A8E2C454D8B00717A7B /* Savory */ = {
			isa = PBXGroup;
			children = (
				BD3E5AC02C45553900717A7B /* Info.plist */,
				BD3E5ABB2C454EB700717A7B /* Base */,
				BD3E5ABD2C454ED000717A7B /* Models */,
				BD3E5ABC2C454EC000717A7B /* ViewModels */,
				BD3E5AC12C45555300717A7B /* Utilities */,
				BD3E5A952C454D8B00717A7B /* Assets.xcassets */,
				BD3E5A972C454D8B00717A7B /* Preview Content */,
			);
			path = Savory;
			sourceTree = "<group>";
		};
		BD3E5A972C454D8B00717A7B /* Preview Content */ = {
			isa = PBXGroup;
			children = (
				BD3E5A982C454D8B00717A7B /* Preview Assets.xcassets */,
			);
			path = "Preview Content";
			sourceTree = "<group>";
		};
		BD3E5AA12C454D8C00717A7B /* SavoryTests */ = {
			isa = PBXGroup;
			children = (
				BD3E5AA22C454D8C00717A7B /* SavoryTests.swift */,
			);
			path = SavoryTests;
			sourceTree = "<group>";
		};
		BD3E5AAB2C454D8C00717A7B /* SavoryUITests */ = {
			isa = PBXGroup;
			children = (
				BD3E5AAC2C454D8C00717A7B /* SavoryUITests.swift */,
				BD3E5AAE2C454D8C00717A7B /* SavoryUITestsLaunchTests.swift */,
			);
			path = SavoryUITests;
			sourceTree = "<group>";
		};
		BD3E5ABB2C454EB700717A7B /* Base */ = {
			isa = PBXGroup;
			children = (
				BDEB97EA2C482206009ACD88 /* Tabs */,
				BD3E5A8F2C454D8B00717A7B /* SavoryApp.swift */,
				BD3E5ABE2C454EE400717A7B /* MainView.swift */,
				BDEB97F32C482762009ACD88 /* InitialLoadingScreen.swift */,
				BDADA29A2C4589F10006121C /* TabsUI.swift */,
				BDADA29C2C458A2F0006121C /* CustomTabBar.swift */,
			);
			path = Base;
			sourceTree = "<group>";
		};
		BD3E5ABC2C454EC000717A7B /* ViewModels */ = {
			isa = PBXGroup;
			children = (
			);
			path = ViewModels;
			sourceTree = "<group>";
		};
		BD3E5ABD2C454ED000717A7B /* Models */ = {
			isa = PBXGroup;
			children = (
			);
			path = Models;
			sourceTree = "<group>";
		};
		BD3E5AC12C45555300717A7B /* Utilities */ = {
			isa = PBXGroup;
			children = (
				BD3E5AE62C455BFC00717A7B /* AppColors.swift */,
				BD3E5AE12C45583100717A7B /* Extensions */,
				BD3E5AC22C45556700717A7B /* Fonts */,
			);
			path = Utilities;
			sourceTree = "<group>";
		};
		BD3E5AC22C45556700717A7B /* Fonts */ = {
			isa = PBXGroup;
			children = (
				BD3E5AC32C45570700717A7B /* GreatVibes-Regular.ttf */,
				BD3E5AC52C45572200717A7B /* IBMPlexSans-Bold.ttf */,
				BD3E5AD22C45572300717A7B /* IBMPlexSans-BoldItalic.ttf */,
				BD3E5AD02C45572300717A7B /* IBMPlexSans-ExtraLight.ttf */,
				BD3E5ACF2C45572300717A7B /* IBMPlexSans-ExtraLightItalic.ttf */,
				BD3E5ACC2C45572300717A7B /* IBMPlexSans-Italic.ttf */,
				BD3E5AD12C45572300717A7B /* IBMPlexSans-Light.ttf */,
				BD3E5AC62C45572200717A7B /* IBMPlexSans-LightItalic.ttf */,
				BD3E5AC92C45572300717A7B /* IBMPlexSans-Medium.ttf */,
				BD3E5ACB2C45572300717A7B /* IBMPlexSans-MediumItalic.ttf */,
				BD3E5ACA2C45572300717A7B /* IBMPlexSans-Regular.ttf */,
				BD3E5AC72C45572200717A7B /* IBMPlexSans-SemiBold.ttf */,
				BD3E5ACE2C45572300717A7B /* IBMPlexSans-SemiBoldItalic.ttf */,
				BD3E5AC82C45572200717A7B /* IBMPlexSans-Thin.ttf */,
				BD3E5ACD2C45572300717A7B /* IBMPlexSans-ThinItalic.ttf */,
			);
			path = Fonts;
			sourceTree = "<group>";
		};
		BD3E5AE12C45583100717A7B /* Extensions */ = {
			isa = PBXGroup;
			children = (
				BD3E5AE22C45584100717A7B /* Font+Extensions.swift */,
				BD3E5AE42C455AB200717A7B /* Color+Extensions.swift */,
			);
			path = Extensions;
			sourceTree = "<group>";
		};
		BDEB97EA2C482206009ACD88 /* Tabs */ = {
			isa = PBXGroup;
			children = (
				BDEB97EB2C482232009ACD88 /* BrowseMainView.swift */,
				BDEB97ED2C482253009ACD88 /* CartMainView.swift */,
				BDEB97EF2C482260009ACD88 /* SettingsMainView.swift */,
				BDEB97F12C48226A009ACD88 /* ProfileMainView.swift */,
			);
			path = Tabs;
			sourceTree = "<group>";
		};
/* End PBXGroup section */

/* Begin PBXNativeTarget section */
		BD3E5A8B2C454D8B00717A7B /* Savory */ = {
			isa = PBXNativeTarget;
			buildConfigurationList = BD3E5AB22C454D8C00717A7B /* Build configuration list for PBXNativeTarget "Savory" */;
			buildPhases = (
				F28006C5C43180FEF9C69E96 /* [CP] Check Pods Manifest.lock */,
				BD3E5A882C454D8B00717A7B /* Sources */,
				BD3E5A892C454D8B00717A7B /* Frameworks */,
				BD3E5A8A2C454D8B00717A7B /* Resources */,
			);
			buildRules = (
			);
			dependencies = (
			);
			name = Savory;
			productName = Savory;
			productReference = BD3E5A8C2C454D8B00717A7B /* Savory.app */;
			productType = "com.apple.product-type.application";
		};
		BD3E5A9D2C454D8C00717A7B /* SavoryTests */ = {
			isa = PBXNativeTarget;
			buildConfigurationList = BD3E5AB52C454D8C00717A7B /* Build configuration list for PBXNativeTarget "SavoryTests" */;
			buildPhases = (
				DC9AA8FB56BC7A74CE42A82E /* [CP] Check Pods Manifest.lock */,
				BD3E5A9A2C454D8C00717A7B /* Sources */,
				BD3E5A9B2C454D8C00717A7B /* Frameworks */,
				BD3E5A9C2C454D8C00717A7B /* Resources */,
			);
			buildRules = (
			);
			dependencies = (
				BD3E5AA02C454D8C00717A7B /* PBXTargetDependency */,
			);
			name = SavoryTests;
			productName = SavoryTests;
			productReference = BD3E5A9E2C454D8C00717A7B /* SavoryTests.xctest */;
			productType = "com.apple.product-type.bundle.unit-test";
		};
		BD3E5AA72C454D8C00717A7B /* SavoryUITests */ = {
			isa = PBXNativeTarget;
			buildConfigurationList = BD3E5AB82C454D8C00717A7B /* Build configuration list for PBXNativeTarget "SavoryUITests" */;
			buildPhases = (
				8A5C918E8A21F05DCB20BE81 /* [CP] Check Pods Manifest.lock */,
				BD3E5AA42C454D8C00717A7B /* Sources */,
				BD3E5AA52C454D8C00717A7B /* Frameworks */,
				BD3E5AA62C454D8C00717A7B /* Resources */,
			);
			buildRules = (
			);
			dependencies = (
				BD3E5AAA2C454D8C00717A7B /* PBXTargetDependency */,
			);
			name = SavoryUITests;
			productName = SavoryUITests;
			productReference = BD3E5AA82C454D8C00717A7B /* SavoryUITests.xctest */;
			productType = "com.apple.product-type.bundle.ui-testing";
		};
/* End PBXNativeTarget section */

/* Begin PBXProject section */
		BD3E5A842C454D8B00717A7B /* Project object */ = {
			isa = PBXProject;
			attributes = {
				BuildIndependentTargetsInParallel = 1;
				LastSwiftUpdateCheck = 1520;
				LastUpgradeCheck = 1520;
				TargetAttributes = {
					BD3E5A8B2C454D8B00717A7B = {
						CreatedOnToolsVersion = 15.2;
					};
					BD3E5A9D2C454D8C00717A7B = {
						CreatedOnToolsVersion = 15.2;
						TestTargetID = BD3E5A8B2C454D8B00717A7B;
					};
					BD3E5AA72C454D8C00717A7B = {
						CreatedOnToolsVersion = 15.2;
						TestTargetID = BD3E5A8B2C454D8B00717A7B;
					};
				};
			};
			buildConfigurationList = BD3E5A872C454D8B00717A7B /* Build configuration list for PBXProject "Savory" */;
			compatibilityVersion = "Xcode 14.0";
			developmentRegion = en;
			hasScannedForEncodings = 0;
			knownRegions = (
				en,
				Base,
			);
			mainGroup = BD3E5A832C454D8B00717A7B;
			productRefGroup = BD3E5A8D2C454D8B00717A7B /* Products */;
			projectDirPath = "";
			projectRoot = "";
			targets = (
				BD3E5A8B2C454D8B00717A7B /* Savory */,
				BD3E5A9D2C454D8C00717A7B /* SavoryTests */,
				BD3E5AA72C454D8C00717A7B /* SavoryUITests */,
			);
		};
/* End PBXProject section */

/* Begin PBXResourcesBuildPhase section */
		BD3E5A8A2C454D8B00717A7B /* Resources */ = {
			isa = PBXResourcesBuildPhase;
			buildActionMask = 2147483647;
			files = (
				BD3E5AD42C45572300717A7B /* IBMPlexSans-LightItalic.ttf in Resources */,
				BD3E5ADC2C45572300717A7B /* IBMPlexSans-SemiBoldItalic.ttf in Resources */,
				BD3E5ADA2C45572300717A7B /* IBMPlexSans-Italic.ttf in Resources */,
				BD3E5AD32C45572300717A7B /* IBMPlexSans-Bold.ttf in Resources */,
				BD3E5A992C454D8B00717A7B /* Preview Assets.xcassets in Resources */,
				BD3E5A962C454D8B00717A7B /* Assets.xcassets in Resources */,
				BD3E5ADE2C45572300717A7B /* IBMPlexSans-ExtraLight.ttf in Resources */,
				BD3E5AE02C45572300717A7B /* IBMPlexSans-BoldItalic.ttf in Resources */,
				BD3E5AD82C45572300717A7B /* IBMPlexSans-Regular.ttf in Resources */,
				BD3E5ADB2C45572300717A7B /* IBMPlexSans-ThinItalic.ttf in Resources */,
				BD3E5AD62C45572300717A7B /* IBMPlexSans-Thin.ttf in Resources */,
				BD3E5AD52C45572300717A7B /* IBMPlexSans-SemiBold.ttf in Resources */,
				BD3E5ADD2C45572300717A7B /* IBMPlexSans-ExtraLightItalic.ttf in Resources */,
				BD3E5ADF2C45572300717A7B /* IBMPlexSans-Light.ttf in Resources */,
				BD3E5AD72C45572300717A7B /* IBMPlexSans-Medium.ttf in Resources */,
				BD3E5AD92C45572300717A7B /* IBMPlexSans-MediumItalic.ttf in Resources */,
				BD3E5AC42C45570700717A7B /* GreatVibes-Regular.ttf in Resources */,
			);
			runOnlyForDeploymentPostprocessing = 0;
		};
		BD3E5A9C2C454D8C00717A7B /* Resources */ = {
			isa = PBXResourcesBuildPhase;
			buildActionMask = 2147483647;
			files = (
			);
			runOnlyForDeploymentPostprocessing = 0;
		};
		BD3E5AA62C454D8C00717A7B /* Resources */ = {
			isa = PBXResourcesBuildPhase;
			buildActionMask = 2147483647;
			files = (
			);
			runOnlyForDeploymentPostprocessing = 0;
		};
/* End PBXResourcesBuildPhase section */

/* Begin PBXShellScriptBuildPhase section */
		8A5C918E8A21F05DCB20BE81 /* [CP] Check Pods Manifest.lock */ = {
			isa = PBXShellScriptBuildPhase;
			buildActionMask = 2147483647;
			files = (
			);
			inputFileListPaths = (
			);
			inputPaths = (
				"${PODS_PODFILE_DIR_PATH}/Podfile.lock",
				"${PODS_ROOT}/Manifest.lock",
			);
			name = "[CP] Check Pods Manifest.lock";
			outputFileListPaths = (
			);
			outputPaths = (
				"$(DERIVED_FILE_DIR)/Pods-Savory-SavoryUITests-checkManifestLockResult.txt",
			);
			runOnlyForDeploymentPostprocessing = 0;
			shellPath = /bin/sh;
			shellScript = "diff \"${PODS_PODFILE_DIR_PATH}/Podfile.lock\" \"${PODS_ROOT}/Manifest.lock\" > /dev/null\nif [ $? != 0 ] ; then\n    # print error to STDERR\n    echo \"error: The sandbox is not in sync with the Podfile.lock. Run 'pod install' or update your CocoaPods installation.\" >&2\n    exit 1\nfi\n# This output is used by Xcode 'outputs' to avoid re-running this script phase.\necho \"SUCCESS\" > \"${SCRIPT_OUTPUT_FILE_0}\"\n";
			showEnvVarsInLog = 0;
		};
		DC9AA8FB56BC7A74CE42A82E /* [CP] Check Pods Manifest.lock */ = {
			isa = PBXShellScriptBuildPhase;
			buildActionMask = 2147483647;
			files = (
			);
			inputFileListPaths = (
			);
			inputPaths = (
				"${PODS_PODFILE_DIR_PATH}/Podfile.lock",
				"${PODS_ROOT}/Manifest.lock",
			);
			name = "[CP] Check Pods Manifest.lock";
			outputFileListPaths = (
			);
			outputPaths = (
				"$(DERIVED_FILE_DIR)/Pods-SavoryTests-checkManifestLockResult.txt",
			);
			runOnlyForDeploymentPostprocessing = 0;
			shellPath = /bin/sh;
			shellScript = "diff \"${PODS_PODFILE_DIR_PATH}/Podfile.lock\" \"${PODS_ROOT}/Manifest.lock\" > /dev/null\nif [ $? != 0 ] ; then\n    # print error to STDERR\n    echo \"error: The sandbox is not in sync with the Podfile.lock. Run 'pod install' or update your CocoaPods installation.\" >&2\n    exit 1\nfi\n# This output is used by Xcode 'outputs' to avoid re-running this script phase.\necho \"SUCCESS\" > \"${SCRIPT_OUTPUT_FILE_0}\"\n";
			showEnvVarsInLog = 0;
		};
		F28006C5C43180FEF9C69E96 /* [CP] Check Pods Manifest.lock */ = {
			isa = PBXShellScriptBuildPhase;
			buildActionMask = 2147483647;
			files = (
			);
			inputFileListPaths = (
			);
			inputPaths = (
				"${PODS_PODFILE_DIR_PATH}/Podfile.lock",
				"${PODS_ROOT}/Manifest.lock",
			);
			name = "[CP] Check Pods Manifest.lock";
			outputFileListPaths = (
			);
			outputPaths = (
				"$(DERIVED_FILE_DIR)/Pods-Savory-checkManifestLockResult.txt",
			);
			runOnlyForDeploymentPostprocessing = 0;
			shellPath = /bin/sh;
			shellScript = "diff \"${PODS_PODFILE_DIR_PATH}/Podfile.lock\" \"${PODS_ROOT}/Manifest.lock\" > /dev/null\nif [ $? != 0 ] ; then\n    # print error to STDERR\n    echo \"error: The sandbox is not in sync with the Podfile.lock. Run 'pod install' or update your CocoaPods installation.\" >&2\n    exit 1\nfi\n# This output is used by Xcode 'outputs' to avoid re-running this script phase.\necho \"SUCCESS\" > \"${SCRIPT_OUTPUT_FILE_0}\"\n";
			showEnvVarsInLog = 0;
		};
/* End PBXShellScriptBuildPhase section */

/* Begin PBXSourcesBuildPhase section */
		BD3E5A882C454D8B00717A7B /* Sources */ = {
			isa = PBXSourcesBuildPhase;
			buildActionMask = 2147483647;
			files = (
				BD3E5ABF2C454EE400717A7B /* MainView.swift in Sources */,
				BDEB97F42C482762009ACD88 /* InitialLoadingScreen.swift in Sources */,
				BDEB97EC2C482232009ACD88 /* BrowseMainView.swift in Sources */,
				BDEB97F22C48226A009ACD88 /* ProfileMainView.swift in Sources */,
				BDEB97EE2C482253009ACD88 /* CartMainView.swift in Sources */,
				BDADA29B2C4589F10006121C /* TabsUI.swift in Sources */,
				BDADA29D2C458A2F0006121C /* CustomTabBar.swift in Sources */,
				BD3E5AE32C45584100717A7B /* Font+Extensions.swift in Sources */,
				BD3E5A902C454D8B00717A7B /* SavoryApp.swift in Sources */,
				BD3E5AE72C455BFC00717A7B /* AppColors.swift in Sources */,
				BDEB97F02C482260009ACD88 /* SettingsMainView.swift in Sources */,
				BD3E5AE52C455AB200717A7B /* Color+Extensions.swift in Sources */,
			);
			runOnlyForDeploymentPostprocessing = 0;
		};
		BD3E5A9A2C454D8C00717A7B /* Sources */ = {
			isa = PBXSourcesBuildPhase;
			buildActionMask = 2147483647;
			files = (
				BD3E5AA32C454D8C00717A7B /* SavoryTests.swift in Sources */,
			);
			runOnlyForDeploymentPostprocessing = 0;
		};
		BD3E5AA42C454D8C00717A7B /* Sources */ = {
			isa = PBXSourcesBuildPhase;
			buildActionMask = 2147483647;
			files = (
				BD3E5AAF2C454D8C00717A7B /* SavoryUITestsLaunchTests.swift in Sources */,
				BD3E5AAD2C454D8C00717A7B /* SavoryUITests.swift in Sources */,
			);
			runOnlyForDeploymentPostprocessing = 0;
		};
/* End PBXSourcesBuildPhase section */

/* Begin PBXTargetDependency section */
		BD3E5AA02C454D8C00717A7B /* PBXTargetDependency */ = {
			isa = PBXTargetDependency;
			target = BD3E5A8B2C454D8B00717A7B /* Savory */;
			targetProxy = BD3E5A9F2C454D8C00717A7B /* PBXContainerItemProxy */;
		};
		BD3E5AAA2C454D8C00717A7B /* PBXTargetDependency */ = {
			isa = PBXTargetDependency;
			target = BD3E5A8B2C454D8B00717A7B /* Savory */;
			targetProxy = BD3E5AA92C454D8C00717A7B /* PBXContainerItemProxy */;
		};
/* End PBXTargetDependency section */

/* Begin XCBuildConfiguration section */
		BD3E5AB02C454D8C00717A7B /* Debug */ = {
			isa = XCBuildConfiguration;
			buildSettings = {
				ALWAYS_SEARCH_USER_PATHS = NO;
				ASSETCATALOG_COMPILER_GENERATE_SWIFT_ASSET_SYMBOL_EXTENSIONS = YES;
				CLANG_ANALYZER_NONNULL = YES;
				CLANG_ANALYZER_NUMBER_OBJECT_CONVERSION = YES_AGGRESSIVE;
				CLANG_CXX_LANGUAGE_STANDARD = "gnu++20";
				CLANG_ENABLE_MODULES = YES;
				CLANG_ENABLE_OBJC_ARC = YES;
				CLANG_ENABLE_OBJC_WEAK = YES;
				CLANG_WARN_BLOCK_CAPTURE_AUTORELEASING = YES;
				CLANG_WARN_BOOL_CONVERSION = YES;
				CLANG_WARN_COMMA = YES;
				CLANG_WARN_CONSTANT_CONVERSION = YES;
				CLANG_WARN_DEPRECATED_OBJC_IMPLEMENTATIONS = YES;
				CLANG_WARN_DIRECT_OBJC_ISA_USAGE = YES_ERROR;
				CLANG_WARN_DOCUMENTATION_COMMENTS = YES;
				CLANG_WARN_EMPTY_BODY = YES;
				CLANG_WARN_ENUM_CONVERSION = YES;
				CLANG_WARN_INFINITE_RECURSION = YES;
				CLANG_WARN_INT_CONVERSION = YES;
				CLANG_WARN_NON_LITERAL_NULL_CONVERSION = YES;
				CLANG_WARN_OBJC_IMPLICIT_RETAIN_SELF = YES;
				CLANG_WARN_OBJC_LITERAL_CONVERSION = YES;
				CLANG_WARN_OBJC_ROOT_CLASS = YES_ERROR;
				CLANG_WARN_QUOTED_INCLUDE_IN_FRAMEWORK_HEADER = YES;
				CLANG_WARN_RANGE_LOOP_ANALYSIS = YES;
				CLANG_WARN_STRICT_PROTOTYPES = YES;
				CLANG_WARN_SUSPICIOUS_MOVE = YES;
				CLANG_WARN_UNGUARDED_AVAILABILITY = YES_AGGRESSIVE;
				CLANG_WARN_UNREACHABLE_CODE = YES;
				CLANG_WARN__DUPLICATE_METHOD_MATCH = YES;
				COPY_PHASE_STRIP = NO;
				DEBUG_INFORMATION_FORMAT = dwarf;
				ENABLE_STRICT_OBJC_MSGSEND = YES;
				ENABLE_TESTABILITY = YES;
				ENABLE_USER_SCRIPT_SANDBOXING = YES;
				GCC_C_LANGUAGE_STANDARD = gnu17;
				GCC_DYNAMIC_NO_PIC = NO;
				GCC_NO_COMMON_BLOCKS = YES;
				GCC_OPTIMIZATION_LEVEL = 0;
				GCC_PREPROCESSOR_DEFINITIONS = (
					"DEBUG=1",
					"$(inherited)",
				);
				GCC_WARN_64_TO_32_BIT_CONVERSION = YES;
				GCC_WARN_ABOUT_RETURN_TYPE = YES_ERROR;
				GCC_WARN_UNDECLARED_SELECTOR = YES;
				GCC_WARN_UNINITIALIZED_AUTOS = YES_AGGRESSIVE;
				GCC_WARN_UNUSED_FUNCTION = YES;
				GCC_WARN_UNUSED_VARIABLE = YES;
				IPHONEOS_DEPLOYMENT_TARGET = 15.0;
				LOCALIZATION_PREFERS_STRING_CATALOGS = YES;
				MTL_ENABLE_DEBUG_INFO = INCLUDE_SOURCE;
				MTL_FAST_MATH = YES;
				ONLY_ACTIVE_ARCH = YES;
				SDKROOT = iphoneos;
				SWIFT_ACTIVE_COMPILATION_CONDITIONS = "DEBUG $(inherited)";
				SWIFT_OPTIMIZATION_LEVEL = "-Onone";
			};
			name = Debug;
		};
		BD3E5AB12C454D8C00717A7B /* Release */ = {
			isa = XCBuildConfiguration;
			buildSettings = {
				ALWAYS_SEARCH_USER_PATHS = NO;
				ASSETCATALOG_COMPILER_GENERATE_SWIFT_ASSET_SYMBOL_EXTENSIONS = YES;
				CLANG_ANALYZER_NONNULL = YES;
				CLANG_ANALYZER_NUMBER_OBJECT_CONVERSION = YES_AGGRESSIVE;
				CLANG_CXX_LANGUAGE_STANDARD = "gnu++20";
				CLANG_ENABLE_MODULES = YES;
				CLANG_ENABLE_OBJC_ARC = YES;
				CLANG_ENABLE_OBJC_WEAK = YES;
				CLANG_WARN_BLOCK_CAPTURE_AUTORELEASING = YES;
				CLANG_WARN_BOOL_CONVERSION = YES;
				CLANG_WARN_COMMA = YES;
				CLANG_WARN_CONSTANT_CONVERSION = YES;
				CLANG_WARN_DEPRECATED_OBJC_IMPLEMENTATIONS = YES;
				CLANG_WARN_DIRECT_OBJC_ISA_USAGE = YES_ERROR;
				CLANG_WARN_DOCUMENTATION_COMMENTS = YES;
				CLANG_WARN_EMPTY_BODY = YES;
				CLANG_WARN_ENUM_CONVERSION = YES;
				CLANG_WARN_INFINITE_RECURSION = YES;
				CLANG_WARN_INT_CONVERSION = YES;
				CLANG_WARN_NON_LITERAL_NULL_CONVERSION = YES;
				CLANG_WARN_OBJC_IMPLICIT_RETAIN_SELF = YES;
				CLANG_WARN_OBJC_LITERAL_CONVERSION = YES;
				CLANG_WARN_OBJC_ROOT_CLASS = YES_ERROR;
				CLANG_WARN_QUOTED_INCLUDE_IN_FRAMEWORK_HEADER = YES;
				CLANG_WARN_RANGE_LOOP_ANALYSIS = YES;
				CLANG_WARN_STRICT_PROTOTYPES = YES;
				CLANG_WARN_SUSPICIOUS_MOVE = YES;
				CLANG_WARN_UNGUARDED_AVAILABILITY = YES_AGGRESSIVE;
				CLANG_WARN_UNREACHABLE_CODE = YES;
				CLANG_WARN__DUPLICATE_METHOD_MATCH = YES;
				COPY_PHASE_STRIP = NO;
				DEBUG_INFORMATION_FORMAT = "dwarf-with-dsym";
				ENABLE_NS_ASSERTIONS = NO;
				ENABLE_STRICT_OBJC_MSGSEND = YES;
				ENABLE_USER_SCRIPT_SANDBOXING = YES;
				GCC_C_LANGUAGE_STANDARD = gnu17;
				GCC_NO_COMMON_BLOCKS = YES;
				GCC_WARN_64_TO_32_BIT_CONVERSION = YES;
				GCC_WARN_ABOUT_RETURN_TYPE = YES_ERROR;
				GCC_WARN_UNDECLARED_SELECTOR = YES;
				GCC_WARN_UNINITIALIZED_AUTOS = YES_AGGRESSIVE;
				GCC_WARN_UNUSED_FUNCTION = YES;
				GCC_WARN_UNUSED_VARIABLE = YES;
				IPHONEOS_DEPLOYMENT_TARGET = 15.0;
				LOCALIZATION_PREFERS_STRING_CATALOGS = YES;
				MTL_ENABLE_DEBUG_INFO = NO;
				MTL_FAST_MATH = YES;
				SDKROOT = iphoneos;
				SWIFT_COMPILATION_MODE = wholemodule;
				VALIDATE_PRODUCT = YES;
			};
			name = Release;
		};
		BD3E5AB32C454D8C00717A7B /* Debug */ = {
			isa = XCBuildConfiguration;
			baseConfigurationReference = 1F848E5141A2A6857F9EF771 /* Pods-Savory.debug.xcconfig */;
			buildSettings = {
				ASSETCATALOG_COMPILER_APPICON_NAME = AppIcon;
				ASSETCATALOG_COMPILER_GLOBAL_ACCENT_COLOR_NAME = AccentColor;
				CODE_SIGN_STYLE = Automatic;
				CURRENT_PROJECT_VERSION = 1;
				DEVELOPMENT_ASSET_PATHS = "\"Savory/Preview Content\"";
				DEVELOPMENT_TEAM = 998D9NZFYB;
				ENABLE_PREVIEWS = YES;
				GENERATE_INFOPLIST_FILE = YES;
				INFOPLIST_FILE = Savory/Info.plist;
				INFOPLIST_KEY_UIApplicationSceneManifest_Generation = YES;
				INFOPLIST_KEY_UIApplicationSupportsIndirectInputEvents = YES;
				INFOPLIST_KEY_UILaunchScreen_Generation = YES;
				INFOPLIST_KEY_UISupportedInterfaceOrientations_iPad = "UIInterfaceOrientationPortrait UIInterfaceOrientationPortraitUpsideDown UIInterfaceOrientationLandscapeLeft UIInterfaceOrientationLandscapeRight";
				INFOPLIST_KEY_UISupportedInterfaceOrientations_iPhone = "UIInterfaceOrientationPortrait UIInterfaceOrientationLandscapeLeft UIInterfaceOrientationLandscapeRight";
				LD_RUNPATH_SEARCH_PATHS = (
					"$(inherited)",
					"@executable_path/Frameworks",
				);
				MARKETING_VERSION = 1.0;
				PRODUCT_BUNDLE_IDENTIFIER = June.Savory;
				PRODUCT_NAME = "$(TARGET_NAME)";
				SWIFT_EMIT_LOC_STRINGS = YES;
				SWIFT_VERSION = 5.0;
				TARGETED_DEVICE_FAMILY = "1,2";
			};
			name = Debug;
		};
		BD3E5AB42C454D8C00717A7B /* Release */ = {
			isa = XCBuildConfiguration;
			baseConfigurationReference = AE03F282255B5E614282B6E1 /* Pods-Savory.release.xcconfig */;
			buildSettings = {
				ASSETCATALOG_COMPILER_APPICON_NAME = AppIcon;
				ASSETCATALOG_COMPILER_GLOBAL_ACCENT_COLOR_NAME = AccentColor;
				CODE_SIGN_STYLE = Automatic;
				CURRENT_PROJECT_VERSION = 1;
				DEVELOPMENT_ASSET_PATHS = "\"Savory/Preview Content\"";
				DEVELOPMENT_TEAM = 998D9NZFYB;
				ENABLE_PREVIEWS = YES;
				GENERATE_INFOPLIST_FILE = YES;
				INFOPLIST_FILE = Savory/Info.plist;
				INFOPLIST_KEY_UIApplicationSceneManifest_Generation = YES;
				INFOPLIST_KEY_UIApplicationSupportsIndirectInputEvents = YES;
				INFOPLIST_KEY_UILaunchScreen_Generation = YES;
				INFOPLIST_KEY_UISupportedInterfaceOrientations_iPad = "UIInterfaceOrientationPortrait UIInterfaceOrientationPortraitUpsideDown UIInterfaceOrientationLandscapeLeft UIInterfaceOrientationLandscapeRight";
				INFOPLIST_KEY_UISupportedInterfaceOrientations_iPhone = "UIInterfaceOrientationPortrait UIInterfaceOrientationLandscapeLeft UIInterfaceOrientationLandscapeRight";
				LD_RUNPATH_SEARCH_PATHS = (
					"$(inherited)",
					"@executable_path/Frameworks",
				);
				MARKETING_VERSION = 1.0;
				PRODUCT_BUNDLE_IDENTIFIER = June.Savory;
				PRODUCT_NAME = "$(TARGET_NAME)";
				SWIFT_EMIT_LOC_STRINGS = YES;
				SWIFT_VERSION = 5.0;
				TARGETED_DEVICE_FAMILY = "1,2";
			};
			name = Release;
		};
		BD3E5AB62C454D8C00717A7B /* Debug */ = {
			isa = XCBuildConfiguration;
			baseConfigurationReference = F0FA1FF3227937A2EC06CCE0 /* Pods-SavoryTests.debug.xcconfig */;
			buildSettings = {
				ALWAYS_EMBED_SWIFT_STANDARD_LIBRARIES = YES;
				BUNDLE_LOADER = "$(TEST_HOST)";
				CODE_SIGN_STYLE = Automatic;
				CURRENT_PROJECT_VERSION = 1;
				DEVELOPMENT_TEAM = 998D9NZFYB;
				GENERATE_INFOPLIST_FILE = YES;
				IPHONEOS_DEPLOYMENT_TARGET = 17.2;
				MARKETING_VERSION = 1.0;
				PRODUCT_BUNDLE_IDENTIFIER = June.SavoryTests;
				PRODUCT_NAME = "$(TARGET_NAME)";
				SWIFT_EMIT_LOC_STRINGS = NO;
				SWIFT_VERSION = 5.0;
				TARGETED_DEVICE_FAMILY = "1,2";
				TEST_HOST = "$(BUILT_PRODUCTS_DIR)/Savory.app/$(BUNDLE_EXECUTABLE_FOLDER_PATH)/Savory";
			};
			name = Debug;
		};
		BD3E5AB72C454D8C00717A7B /* Release */ = {
			isa = XCBuildConfiguration;
			baseConfigurationReference = D9A05A5BB3F04EAD49C5E22C /* Pods-SavoryTests.release.xcconfig */;
			buildSettings = {
				ALWAYS_EMBED_SWIFT_STANDARD_LIBRARIES = YES;
				BUNDLE_LOADER = "$(TEST_HOST)";
				CODE_SIGN_STYLE = Automatic;
				CURRENT_PROJECT_VERSION = 1;
				DEVELOPMENT_TEAM = 998D9NZFYB;
				GENERATE_INFOPLIST_FILE = YES;
				IPHONEOS_DEPLOYMENT_TARGET = 17.2;
				MARKETING_VERSION = 1.0;
				PRODUCT_BUNDLE_IDENTIFIER = June.SavoryTests;
				PRODUCT_NAME = "$(TARGET_NAME)";
				SWIFT_EMIT_LOC_STRINGS = NO;
				SWIFT_VERSION = 5.0;
				TARGETED_DEVICE_FAMILY = "1,2";
				TEST_HOST = "$(BUILT_PRODUCTS_DIR)/Savory.app/$(BUNDLE_EXECUTABLE_FOLDER_PATH)/Savory";
			};
			name = Release;
		};
		BD3E5AB92C454D8C00717A7B /* Debug */ = {
			isa = XCBuildConfiguration;
			baseConfigurationReference = 2D729B2E6DA33F9A39B4B5F4 /* Pods-Savory-SavoryUITests.debug.xcconfig */;
			buildSettings = {
				ALWAYS_EMBED_SWIFT_STANDARD_LIBRARIES = YES;
				CODE_SIGN_STYLE = Automatic;
				CURRENT_PROJECT_VERSION = 1;
				DEVELOPMENT_TEAM = 998D9NZFYB;
				GENERATE_INFOPLIST_FILE = YES;
				MARKETING_VERSION = 1.0;
				PRODUCT_BUNDLE_IDENTIFIER = June.SavoryUITests;
				PRODUCT_NAME = "$(TARGET_NAME)";
				SWIFT_EMIT_LOC_STRINGS = NO;
				SWIFT_VERSION = 5.0;
				TARGETED_DEVICE_FAMILY = "1,2";
				TEST_TARGET_NAME = Savory;
			};
			name = Debug;
		};
		BD3E5ABA2C454D8C00717A7B /* Release */ = {
			isa = XCBuildConfiguration;
			baseConfigurationReference = 77ED2E544F135937F0A64EAA /* Pods-Savory-SavoryUITests.release.xcconfig */;
			buildSettings = {
				ALWAYS_EMBED_SWIFT_STANDARD_LIBRARIES = YES;
				CODE_SIGN_STYLE = Automatic;
				CURRENT_PROJECT_VERSION = 1;
				DEVELOPMENT_TEAM = 998D9NZFYB;
				GENERATE_INFOPLIST_FILE = YES;
				MARKETING_VERSION = 1.0;
				PRODUCT_BUNDLE_IDENTIFIER = June.SavoryUITests;
				PRODUCT_NAME = "$(TARGET_NAME)";
				SWIFT_EMIT_LOC_STRINGS = NO;
				SWIFT_VERSION = 5.0;
				TARGETED_DEVICE_FAMILY = "1,2";
				TEST_TARGET_NAME = Savory;
			};
			name = Release;
		};
/* End XCBuildConfiguration section */

/* Begin XCConfigurationList section */
		BD3E5A872C454D8B00717A7B /* Build configuration list for PBXProject "Savory" */ = {
			isa = XCConfigurationList;
			buildConfigurations = (
				BD3E5AB02C454D8C00717A7B /* Debug */,
				BD3E5AB12C454D8C00717A7B /* Release */,
			);
			defaultConfigurationIsVisible = 0;
			defaultConfigurationName = Release;
		};
		BD3E5AB22C454D8C00717A7B /* Build configuration list for PBXNativeTarget "Savory" */ = {
			isa = XCConfigurationList;
			buildConfigurations = (
				BD3E5AB32C454D8C00717A7B /* Debug */,
				BD3E5AB42C454D8C00717A7B /* Release */,
			);
			defaultConfigurationIsVisible = 0;
			defaultConfigurationName = Release;
		};
		BD3E5AB52C454D8C00717A7B /* Build configuration list for PBXNativeTarget "SavoryTests" */ = {
			isa = XCConfigurationList;
			buildConfigurations = (
				BD3E5AB62C454D8C00717A7B /* Debug */,
				BD3E5AB72C454D8C00717A7B /* Release */,
			);
			defaultConfigurationIsVisible = 0;
			defaultConfigurationName = Release;
		};
		BD3E5AB82C454D8C00717A7B /* Build configuration list for PBXNativeTarget "SavoryUITests" */ = {
			isa = XCConfigurationList;
			buildConfigurations = (
				BD3E5AB92C454D8C00717A7B /* Debug */,
				BD3E5ABA2C454D8C00717A7B /* Release */,
			);
			defaultConfigurationIsVisible = 0;
			defaultConfigurationName = Release;
		};
/* End XCConfigurationList section */
	};
	rootObject = BD3E5A842C454D8B00717A7B /* Project object */;
}
